<Solution>
  <Project Path="PortalIAAS.Domain/PortalIAAS.Domain.csproj" Id="441c7979-3b7b-4eb8-bb1b-21d6340d6966" />
  <Project Path="PortalIAAS.Infrastructure/PortalIAAS.Infrastructure.csproj" Id="12e7a666-a03c-4d4a-a78c-47b4b98522aa" />
  <Project Path="PortalIAAS.Web/PortalIAAS.Web.csproj" />
</Solution>
